
Microsoft Visual Studio Solution File, Format Version 12.00
# Visual Studio Version 17
VisualStudioVersion = 17.7.34202.233
MinimumVisualStudioVersion = 10.0.40219.1
Project("{9A19103F-16F7-4668-BE54-9A1E7A4F7556}") = "ImageProccessing", "ImageProccessing\ImageProccessing.csproj", "{031BFC34-497E-43CA-B0AC-DF9FD4DDA87B}"
EndProject
Project("{8BC9CEB8-8B4A-11D0-8D11-00A0C91BC942}") = "JALib1", "JALib1\JALib1.vcxproj", "{CBBFB3C5-D1A6-4838-AD48-82E6B1E07A01}"
EndProject
Global
	GlobalSection(SolutionConfigurationPlatforms) = preSolution
		Debug|Any CPU = Debug|Any CPU
		Debug|x64 = Debug|x64
		Debug|x86 = Debug|x86
		Release|Any CPU = Release|Any CPU
		Release|x64 = Release|x64
		Release|x86 = Release|x86
	EndGlobalSection
	GlobalSection(ProjectConfigurationPlatforms) = postSolution
		{031BFC34-497E-43CA-B0AC-DF9FD4DDA87B}.Debug|Any CPU.ActiveCfg = Debug|Any CPU
		{031BFC34-497E-43CA-B0AC-DF9FD4DDA87B}.Debug|Any CPU.Build.0 = Debug|Any CPU
		{031BFC34-497E-43CA-B0AC-DF9FD4DDA87B}.Debug|x64.ActiveCfg = Debug|Any CPU
		{031BFC34-497E-43CA-B0AC-DF9FD4DDA87B}.Debug|x64.Build.0 = Debug|Any CPU
		{031BFC34-497E-43CA-B0AC-DF9FD4DDA87B}.Debug|x86.ActiveCfg = Debug|Any CPU
		{031BFC34-497E-43CA-B0AC-DF9FD4DDA87B}.Debug|x86.Build.0 = Debug|Any CPU
		{031BFC34-497E-43CA-B0AC-DF9FD4DDA87B}.Release|Any CPU.ActiveCfg = Release|Any CPU
		{031BFC34-497E-43CA-B0AC-DF9FD4DDA87B}.Release|Any CPU.Build.0 = Release|Any CPU
		{031BFC34-497E-43CA-B0AC-DF9FD4DDA87B}.Release|x64.ActiveCfg = Release|Any CPU
		{031BFC34-497E-43CA-B0AC-DF9FD4DDA87B}.Release|x64.Build.0 = Release|Any CPU
		{031BFC34-497E-43CA-B0AC-DF9FD4DDA87B}.Release|x86.ActiveCfg = Release|Any CPU
		{031BFC34-497E-43CA-B0AC-DF9FD4DDA87B}.Release|x86.Build.0 = Release|Any CPU
		{CBBFB3C5-D1A6-4838-AD48-82E6B1E07A01}.Debug|Any CPU.ActiveCfg = Debug|x64
		{CBBFB3C5-D1A6-4838-AD48-82E6B1E07A01}.Debug|Any CPU.Build.0 = Debug|x64
		{CBBFB3C5-D1A6-4838-AD48-82E6B1E07A01}.Debug|x64.ActiveCfg = Debug|x64
		{CBBFB3C5-D1A6-4838-AD48-82E6B1E07A01}.Debug|x64.Build.0 = Debug|x64
		{CBBFB3C5-D1A6-4838-AD48-82E6B1E07A01}.Debug|x86.ActiveCfg = Debug|Win32
		{CBBFB3C5-D1A6-4838-AD48-82E6B1E07A01}.Debug|x86.Build.0 = Debug|Win32
		{CBBFB3C5-D1A6-4838-AD48-82E6B1E07A01}.Release|Any CPU.ActiveCfg = Release|x64
		{CBBFB3C5-D1A6-4838-AD48-82E6B1E07A01}.Release|Any CPU.Build.0 = Release|x64
		{CBBFB3C5-D1A6-4838-AD48-82E6B1E07A01}.Release|x64.ActiveCfg = Release|x64
		{CBBFB3C5-D1A6-4838-AD48-82E6B1E07A01}.Release|x64.Build.0 = Release|x64
		{CBBFB3C5-D1A6-4838-AD48-82E6B1E07A01}.Release|x86.ActiveCfg = Release|Win32
		{CBBFB3C5-D1A6-4838-AD48-82E6B1E07A01}.Release|x86.Build.0 = Release|Win32
	EndGlobalSection
	GlobalSection(SolutionProperties) = preSolution
		HideSolutionNode = FALSE
	EndGlobalSection
	GlobalSection(ExtensibilityGlobals) = postSolution
		SolutionGuid = {72343187-A328-4392-AE2F-951D69C6CCAD}
	EndGlobalSection
EndGlobal
